
Microsoft Visual Studio Solution File, Format Version 12.00
# Visual Studio Version 17
VisualStudioVersion = 17.9.34616.47
MinimumVisualStudioVersion = 10.0.40219.1
Project("{888888A0-9F3D-457C-B088-3A5042F75D52}") = "MINESWEEPER", "MINESWEEPER.pyproj", "{9ABC5BA4-2544-4CDA-BA08-BEA1CD31C6F3}"
EndProject
Global
	GlobalSection(SolutionConfigurationPlatforms) = preSolution
		Debug|Any CPU = Debug|Any CPU
		Release|Any CPU = Release|Any CPU
	EndGlobalSection
	GlobalSection(ProjectConfigurationPlatforms) = postSolution
		{9ABC5BA4-2544-4CDA-BA08-BEA1CD31C6F3}.Debug|Any CPU.ActiveCfg = Debug|Any CPU
		{9ABC5BA4-2544-4CDA-BA08-BEA1CD31C6F3}.Release|Any CPU.ActiveCfg = Release|Any CPU
	EndGlobalSection
	GlobalSection(SolutionProperties) = preSolution
		HideSolutionNode = FALSE
	EndGlobalSection
	GlobalSection(ExtensibilityGlobals) = postSolution
		SolutionGuid = {CDCE0FB1-526A-413E-B0B8-830DE6EB7446}
	EndGlobalSection
EndGlobal
